// !$*UTF8*$!
{
	archiveVersion = 1;
	classes = {
	};
	objectVersion = 46;
	objects = {

/* Begin PBXBuildFile section */
		A5767C711E49373A00CE7A9C /* AppDelegate.swift in Sources */ = {isa = PBXBuildFile; fileRef = A5767C701E49373A00CE7A9C /* AppDelegate.swift */; };
		A5767C731E49373A00CE7A9C /* ViewController.swift in Sources */ = {isa = PBXBuildFile; fileRef = A5767C721E49373A00CE7A9C /* ViewController.swift */; };
		A5767C761E49373A00CE7A9C /* Main.storyboard in Resources */ = {isa = PBXBuildFile; fileRef = A5767C741E49373A00CE7A9C /* Main.storyboard */; };
		A5767C781E49373A00CE7A9C /* Assets.xcassets in Resources */ = {isa = PBXBuildFile; fileRef = A5767C771E49373A00CE7A9C /* Assets.xcassets */; };
		A5767C7B1E49373A00CE7A9C /* LaunchScreen.storyboard in Resources */ = {isa = PBXBuildFile; fileRef = A5767C791E49373A00CE7A9C /* LaunchScreen.storyboard */; };
		A5767C831E49396E00CE7A9C /* FloatingLabelTextField.swift in Sources */ = {isa = PBXBuildFile; fileRef = A5767C821E49396E00CE7A9C /* FloatingLabelTextField.swift */; };
		A5767C851E4942B300CE7A9C /* FloatingLabelIconTextField.swift in Sources */ = {isa = PBXBuildFile; fileRef = A5767C841E4942B300CE7A9C /* FloatingLabelIconTextField.swift */; };
		A5767C871E49D76200CE7A9C /* FloatingLabelAnimators.swift in Sources */ = {isa = PBXBuildFile; fileRef = A5767C861E49D76200CE7A9C /* FloatingLabelAnimators.swift */; };
		A5767C8C1E49EA4100CE7A9C /* TextPropertiesExampleViewController.swift in Sources */ = {isa = PBXBuildFile; fileRef = A5767C8B1E49EA4100CE7A9C /* TextPropertiesExampleViewController.swift */; };
/* End PBXBuildFile section */

/* Begin PBXFileReference section */
		A5767C6D1E49373A00CE7A9C /* FloatingLabelTextFieldExample.app */ = {isa = PBXFileReference; explicitFileType = wrapper.application; includeInIndex = 0; path = FloatingLabelTextFieldExample.app; sourceTree = BUILT_PRODUCTS_DIR; };
		A5767C701E49373A00CE7A9C /* AppDelegate.swift */ = {isa = PBXFileReference; lastKnownFileType = sourcecode.swift; path = AppDelegate.swift; sourceTree = "<group>"; };
		A5767C721E49373A00CE7A9C /* ViewController.swift */ = {isa = PBXFileReference; lastKnownFileType = sourcecode.swift; path = ViewController.swift; sourceTree = "<group>"; };
		A5767C751E49373A00CE7A9C /* Base */ = {isa = PBXFileReference; lastKnownFileType = file.storyboard; name = Base; path = Base.lproj/Main.storyboard; sourceTree = "<group>"; };
		A5767C771E49373A00CE7A9C /* Assets.xcassets */ = {isa = PBXFileReference; lastKnownFileType = folder.assetcatalog; path = Assets.xcassets; sourceTree = "<group>"; };
		A5767C7A1E49373A00CE7A9C /* Base */ = {isa = PBXFileReference; lastKnownFileType = file.storyboard; name = Base; path = Base.lproj/LaunchScreen.storyboard; sourceTree = "<group>"; };
		A5767C7C1E49373A00CE7A9C /* Info.plist */ = {isa = PBXFileReference; lastKnownFileType = text.plist.xml; path = Info.plist; sourceTree = "<group>"; };
		A5767C821E49396E00CE7A9C /* FloatingLabelTextField.swift */ = {isa = PBXFileReference; fileEncoding = 4; lastKnownFileType = sourcecode.swift; path = FloatingLabelTextField.swift; sourceTree = "<group>"; };
		A5767C841E4942B300CE7A9C /* FloatingLabelIconTextField.swift */ = {isa = PBXFileReference; fileEncoding = 4; lastKnownFileType = sourcecode.swift; path = FloatingLabelIconTextField.swift; sourceTree = "<group>"; };
		A5767C861E49D76200CE7A9C /* FloatingLabelAnimators.swift */ = {isa = PBXFileReference; fileEncoding = 4; lastKnownFileType = sourcecode.swift; path = FloatingLabelAnimators.swift; sourceTree = "<group>"; };
		A5767C8B1E49EA4100CE7A9C /* TextPropertiesExampleViewController.swift */ = {isa = PBXFileReference; fileEncoding = 4; lastKnownFileType = sourcecode.swift; path = TextPropertiesExampleViewController.swift; sourceTree = "<group>"; };
/* End PBXFileReference section */

/* Begin PBXFrameworksBuildPhase section */
		A5767C6A1E49373A00CE7A9C /* Frameworks */ = {
			isa = PBXFrameworksBuildPhase;
			buildActionMask = 2147483647;
			files = (
			);
			runOnlyForDeploymentPostprocessing = 0;
		};
/* End PBXFrameworksBuildPhase section */

/* Begin PBXGroup section */
		A5767C641E49373A00CE7A9C = {
			isa = PBXGroup;
			children = (
				A5767C6F1E49373A00CE7A9C /* FloatingLabelTextFieldExample */,
				A5767C6E1E49373A00CE7A9C /* Products */,
			);
			sourceTree = "<group>";
		};
		A5767C6E1E49373A00CE7A9C /* Products */ = {
			isa = PBXGroup;
			children = (
				A5767C6D1E49373A00CE7A9C /* FloatingLabelTextFieldExample.app */,
			);
			name = Products;
			sourceTree = "<group>";
		};
		A5767C6F1E49373A00CE7A9C /* FloatingLabelTextFieldExample */ = {
			isa = PBXGroup;
			children = (
				A5767C8A1E49EA2F00CE7A9C /* Example1 */,
				A5767C821E49396E00CE7A9C /* FloatingLabelTextField.swift */,
				A5767C841E4942B300CE7A9C /* FloatingLabelIconTextField.swift */,
				A5767C861E49D76200CE7A9C /* FloatingLabelAnimators.swift */,
				A5767C701E49373A00CE7A9C /* AppDelegate.swift */,
				A5767C721E49373A00CE7A9C /* ViewController.swift */,
				A5767C741E49373A00CE7A9C /* Main.storyboard */,
				A5767C771E49373A00CE7A9C /* Assets.xcassets */,
				A5767C791E49373A00CE7A9C /* LaunchScreen.storyboard */,
				A5767C7C1E49373A00CE7A9C /* Info.plist */,
			);
			name = FloatingLabelTextFieldExample;
			path = FloatingLabelTextField;
			sourceTree = "<group>";
		};
		A5767C8A1E49EA2F00CE7A9C /* Example1 */ = {
			isa = PBXGroup;
			children = (
				A5767C8B1E49EA4100CE7A9C /* TextPropertiesExampleViewController.swift */,
			);
			path = Example1;
			sourceTree = "<group>";
		};
/* End PBXGroup section */

/* Begin PBXNativeTarget section */
		A5767C6C1E49373A00CE7A9C /* FloatingLabelTextFieldExample */ = {
			isa = PBXNativeTarget;
			buildConfigurationList = A5767C7F1E49373A00CE7A9C /* Build configuration list for PBXNativeTarget "FloatingLabelTextFieldExample" */;
			buildPhases = (
				A5767C691E49373A00CE7A9C /* Sources */,
				A5767C6A1E49373A00CE7A9C /* Frameworks */,
				A5767C6B1E49373A00CE7A9C /* Resources */,
			);
			buildRules = (
			);
			dependencies = (
			);
			name = FloatingLabelTextFieldExample;
			productName = FloatingLabelTextField;
			productReference = A5767C6D1E49373A00CE7A9C /* FloatingLabelTextFieldExample.app */;
			productType = "com.apple.product-type.application";
		};
/* End PBXNativeTarget section */

/* Begin PBXProject section */
		A5767C651E49373A00CE7A9C /* Project object */ = {
			isa = PBXProject;
			attributes = {
				LastSwiftUpdateCheck = 0820;
				LastUpgradeCheck = 0820;
				ORGANIZATIONNAME = rumori;
				TargetAttributes = {
					A5767C6C1E49373A00CE7A9C = {
						CreatedOnToolsVersion = 8.2;
						DevelopmentTeam = LAA5EN69T7;
						ProvisioningStyle = Automatic;
					};
				};
			};
			buildConfigurationList = A5767C681E49373A00CE7A9C /* Build configuration list for PBXProject "FloatingLabelTextField" */;
			compatibilityVersion = "Xcode 3.2";
			developmentRegion = English;
			hasScannedForEncodings = 0;
			knownRegions = (
				en,
				Base,
			);
			mainGroup = A5767C641E49373A00CE7A9C;
			productRefGroup = A5767C6E1E49373A00CE7A9C /* Products */;
			projectDirPath = "";
			projectRoot = "";
			targets = (
				A5767C6C1E49373A00CE7A9C /* FloatingLabelTextFieldExample */,
			);
		};
/* End PBXProject section */

/* Begin PBXResourcesBuildPhase section */
		A5767C6B1E49373A00CE7A9C /* Resources */ = {
			isa = PBXResourcesBuildPhase;
			buildActionMask = 2147483647;
			files = (
				A5767C7B1E49373A00CE7A9C /* LaunchScreen.storyboard in Resources */,
				A5767C781E49373A00CE7A9C /* Assets.xcassets in Resources */,
				A5767C761E49373A00CE7A9C /* Main.storyboard in Resources */,
			);
			runOnlyForDeploymentPostprocessing = 0;
		};
/* End PBXResourcesBuildPhase section */

/* Begin PBXSourcesBuildPhase section */
		A5767C691E49373A00CE7A9C /* Sources */ = {
			isa = PBXSourcesBuildPhase;
			buildActionMask = 2147483647;
			files = (
				A5767C871E49D76200CE7A9C /* FloatingLabelAnimators.swift in Sources */,
				A5767C8C1E49EA4100CE7A9C /* TextPropertiesExampleViewController.swift in Sources */,
				A5767C731E49373A00CE7A9C /* ViewController.swift in Sources */,
				A5767C831E49396E00CE7A9C /* FloatingLabelTextField.swift in Sources */,
				A5767C851E4942B300CE7A9C /* FloatingLabelIconTextField.swift in Sources */,
				A5767C711E49373A00CE7A9C /* AppDelegate.swift in Sources */,
			);
			runOnlyForDeploymentPostprocessing = 0;
		};
/* End PBXSourcesBuildPhase section */

/* Begin PBXVariantGroup section */
		A5767C741E49373A00CE7A9C /* Main.storyboard */ = {
			isa = PBXVariantGroup;
			children = (
				A5767C751E49373A00CE7A9C /* Base */,
			);
			name = Main.storyboard;
			sourceTree = "<group>";
		};
		A5767C791E49373A00CE7A9C /* LaunchScreen.storyboard */ = {
			isa = PBXVariantGroup;
			children = (
				A5767C7A1E49373A00CE7A9C /* Base */,
			);
			name = LaunchScreen.storyboard;
			sourceTree = "<group>";
		};
/* End PBXVariantGroup section */

/* Begin XCBuildConfiguration section */
		A5767C7D1E49373A00CE7A9C /* Debug */ = {
			isa = XCBuildConfiguration;
			buildSettings = {
				ALWAYS_SEARCH_USER_PATHS = NO;
				CLANG_ANALYZER_NONNULL = YES;
				CLANG_CXX_LANGUAGE_STANDARD = "gnu++0x";
				CLANG_CXX_LIBRARY = "libc++";
				CLANG_ENABLE_MODULES = YES;
				CLANG_ENABLE_OBJC_ARC = YES;
				CLANG_WARN_BOOL_CONVERSION = YES;
				CLANG_WARN_CONSTANT_CONVERSION = YES;
				CLANG_WARN_DIRECT_OBJC_ISA_USAGE = YES_ERROR;
				CLANG_WARN_DOCUMENTATION_COMMENTS = YES;
				CLANG_WARN_EMPTY_BODY = YES;
				CLANG_WARN_ENUM_CONVERSION = YES;
				CLANG_WARN_INFINITE_RECURSION = YES;
				CLANG_WARN_INT_CONVERSION = YES;
				CLANG_WARN_OBJC_ROOT_CLASS = YES_ERROR;
				CLANG_WARN_SUSPICIOUS_MOVE = YES;
				CLANG_WARN_UNREACHABLE_CODE = YES;
				CLANG_WARN__DUPLICATE_METHOD_MATCH = YES;
				"CODE_SIGN_IDENTITY[sdk=iphoneos*]" = "iPhone Developer";
				COPY_PHASE_STRIP = NO;
				DEBUG_INFORMATION_FORMAT = dwarf;
				ENABLE_STRICT_OBJC_MSGSEND = YES;
				ENABLE_TESTABILITY = YES;
				GCC_C_LANGUAGE_STANDARD = gnu99;
				GCC_DYNAMIC_NO_PIC = NO;
				GCC_NO_COMMON_BLOCKS = YES;
				GCC_OPTIMIZATION_LEVEL = 0;
				GCC_PREPROCESSOR_DEFINITIONS = (
					"DEBUG=1",
					"$(inherited)",
				);
				GCC_WARN_64_TO_32_BIT_CONVERSION = YES;
				GCC_WARN_ABOUT_RETURN_TYPE = YES_ERROR;
				GCC_WARN_UNDECLARED_SELECTOR = YES;
				GCC_WARN_UNINITIALIZED_AUTOS = YES_AGGRESSIVE;
				GCC_WARN_UNUSED_FUNCTION = YES;
				GCC_WARN_UNUSED_VARIABLE = YES;
				IPHONEOS_DEPLOYMENT_TARGET = 10.2;
				MTL_ENABLE_DEBUG_INFO = YES;
				ONLY_ACTIVE_ARCH = YES;
				SDKROOT = iphoneos;
				SWIFT_ACTIVE_COMPILATION_CONDITIONS = DEBUG;
				SWIFT_OPTIMIZATION_LEVEL = "-Onone";
			};
			name = Debug;
		};
		A5767C7E1E49373A00CE7A9C /* Release */ = {
			isa = XCBuildConfiguration;
			buildSettings = {
				ALWAYS_SEARCH_USER_PATHS = NO;
				CLANG_ANALYZER_NONNULL = YES;
				CLANG_CXX_LANGUAGE_STANDARD = "gnu++0x";
				CLANG_CXX_LIBRARY = "libc++";
				CLANG_ENABLE_MODULES = YES;
				CLANG_ENABLE_OBJC_ARC = YES;
				CLANG_WARN_BOOL_CONVERSION = YES;
				CLANG_WARN_CONSTANT_CONVERSION = YES;
				CLANG_WARN_DIRECT_OBJC_ISA_USAGE = YES_ERROR;
				CLANG_WARN_DOCUMENTATION_COMMENTS = YES;
				CLANG_WARN_EMPTY_BODY = YES;
				CLANG_WARN_ENUM_CONVERSION = YES;
				CLANG_WARN_INFINITE_RECURSION = YES;
				CLANG_WARN_INT_CONVERSION = YES;
				CLANG_WARN_OBJC_ROOT_CLASS = YES_ERROR;
				CLANG_WARN_SUSPICIOUS_MOVE = YES;
				CLANG_WARN_UNREACHABLE_CODE = YES;
				CLANG_WARN__DUPLICATE_METHOD_MATCH = YES;
				"CODE_SIGN_IDENTITY[sdk=iphoneos*]" = "iPhone Developer";
				COPY_PHASE_STRIP = NO;
				DEBUG_INFORMATION_FORMAT = "dwarf-with-dsym";
				ENABLE_NS_ASSERTIONS = NO;
				ENABLE_STRICT_OBJC_MSGSEND = YES;
				GCC_C_LANGUAGE_STANDARD = gnu99;
				GCC_NO_COMMON_BLOCKS = YES;
				GCC_WARN_64_TO_32_BIT_CONVERSION = YES;
				GCC_WARN_ABOUT_RETURN_TYPE = YES_ERROR;
				GCC_WARN_UNDECLARED_SELECTOR = YES;
				GCC_WARN_UNINITIALIZED_AUTOS = YES_AGGRESSIVE;
				GCC_WARN_UNUSED_FUNCTION = YES;
				GCC_WARN_UNUSED_VARIABLE = YES;
				IPHONEOS_DEPLOYMENT_TARGET = 10.2;
				MTL_ENABLE_DEBUG_INFO = NO;
				SDKROOT = iphoneos;
				SWIFT_OPTIMIZATION_LEVEL = "-Owholemodule";
				VALIDATE_PRODUCT = YES;
			};
			name = Release;
		};
		A5767C801E49373A00CE7A9C /* Debug */ = {
			isa = XCBuildConfiguration;
			buildSettings = {
				ASSETCATALOG_COMPILER_APPICON_NAME = AppIcon;
				DEVELOPMENT_TEAM = LAA5EN69T7;
				INFOPLIST_FILE = FloatingLabelTextField/Info.plist;
				LD_RUNPATH_SEARCH_PATHS = "$(inherited) @executable_path/Frameworks";
				PRODUCT_BUNDLE_IDENTIFIER = hu.rumori.FloatingLabelTextField;
				PRODUCT_NAME = "$(TARGET_NAME)";
				SWIFT_VERSION = 3.0;
			};
			name = Debug;
		};
		A5767C811E49373A00CE7A9C /* Release */ = {
			isa = XCBuildConfiguration;
			buildSettings = {
				ASSETCATALOG_COMPILER_APPICON_NAME = AppIcon;
				DEVELOPMENT_TEAM = LAA5EN69T7;
				INFOPLIST_FILE = FloatingLabelTextField/Info.plist;
				LD_RUNPATH_SEARCH_PATHS = "$(inherited) @executable_path/Frameworks";
				PRODUCT_BUNDLE_IDENTIFIER = hu.rumori.FloatingLabelTextField;
				PRODUCT_NAME = "$(TARGET_NAME)";
				SWIFT_VERSION = 3.0;
			};
			name = Release;
		};
/* End XCBuildConfiguration section */

/* Begin XCConfigurationList section */
		A5767C681E49373A00CE7A9C /* Build configuration list for PBXProject "FloatingLabelTextField" */ = {
			isa = XCConfigurationList;
			buildConfigurations = (
				A5767C7D1E49373A00CE7A9C /* Debug */,
				A5767C7E1E49373A00CE7A9C /* Release */,
			);
			defaultConfigurationIsVisible = 0;
			defaultConfigurationName = Release;
		};
		A5767C7F1E49373A00CE7A9C /* Build configuration list for PBXNativeTarget "FloatingLabelTextFieldExample" */ = {
			isa = XCConfigurationList;
			buildConfigurations = (
				A5767C801E49373A00CE7A9C /* Debug */,
				A5767C811E49373A00CE7A9C /* Release */,
			);
			defaultConfigurationIsVisible = 0;
		};
/* End XCConfigurationList section */
	};
	rootObject = A5767C651E49373A00CE7A9C /* Project object */;
}
